
Microsoft Visual Studio Solution File, Format Version 12.00
# Visual Studio Version 16
VisualStudioVersion = 16.0.30804.86
MinimumVisualStudioVersion = 10.0.40219.1
Project("{FAE04EC0-301F-11D3-BF4B-00C04F79EFBC}") = "myweb", "myweb\myweb.csproj", "{20ACEEA4-662D-464C-8B82-4C4DF7312E6D}"
EndProject
Global
	GlobalSection(SolutionConfigurationPlatforms) = preSolution
		Debug|Any CPU = Debug|Any CPU
		Release|Any CPU = Release|Any CPU
	EndGlobalSection
	GlobalSection(ProjectConfigurationPlatforms) = postSolution
		{20ACEEA4-662D-464C-8B82-4C4DF7312E6D}.Debug|Any CPU.ActiveCfg = Debug|Any CPU
		{20ACEEA4-662D-464C-8B82-4C4DF7312E6D}.Debug|Any CPU.Build.0 = Debug|Any CPU
		{20ACEEA4-662D-464C-8B82-4C4DF7312E6D}.Release|Any CPU.ActiveCfg = Release|Any CPU
		{20ACEEA4-662D-464C-8B82-4C4DF7312E6D}.Release|Any CPU.Build.0 = Release|Any CPU
	EndGlobalSection
	GlobalSection(SolutionProperties) = preSolution
		HideSolutionNode = FALSE
	EndGlobalSection
	GlobalSection(ExtensibilityGlobals) = postSolution
		SolutionGuid = {CEC7B710-F663-40EF-BD57-5C6C857E817F}
	EndGlobalSection
EndGlobal
